// !$*UTF8*$!
{
	archiveVersion = 1;
	classes = {
	};
	objectVersion = 56;
	objects = {

/* Begin PBXBuildFile section */
		404196302B072D3E00679E49 /* DoubleYAxisTest.swift in Sources */ = {isa = PBXBuildFile; fileRef = 4041962F2B072D3E00679E49 /* DoubleYAxisTest.swift */; };
		40F99EBE2B020773006F807E /* SwiftChartsExampleApp.swift in Sources */ = {isa = PBXBuildFile; fileRef = 40F99EBD2B020773006F807E /* SwiftChartsExampleApp.swift */; };
		40F99EC02B020773006F807E /* ContentView.swift in Sources */ = {isa = PBXBuildFile; fileRef = 40F99EBF2B020773006F807E /* ContentView.swift */; };
		40F99EC22B020775006F807E /* Assets.xcassets in Resources */ = {isa = PBXBuildFile; fileRef = 40F99EC12B020775006F807E /* Assets.xcassets */; };
		40F99EC52B020775006F807E /* Preview Assets.xcassets in Resources */ = {isa = PBXBuildFile; fileRef = 40F99EC42B020775006F807E /* Preview Assets.xcassets */; };
		40F99ECC2B021D84006F807E /* TwoAxisExample.swift in Sources */ = {isa = PBXBuildFile; fileRef = 40F99ECB2B021D84006F807E /* TwoAxisExample.swift */; };
		40F99ECE2B02FB64006F807E /* HorizontalBarChart.swift in Sources */ = {isa = PBXBuildFile; fileRef = 40F99ECD2B02FB64006F807E /* HorizontalBarChart.swift */; };
		40F99ED02B03630C006F807E /* YAxisTest.swift in Sources */ = {isa = PBXBuildFile; fileRef = 40F99ECF2B03630C006F807E /* YAxisTest.swift */; };
/* End PBXBuildFile section */

/* Begin PBXFileReference section */
		4041962F2B072D3E00679E49 /* DoubleYAxisTest.swift */ = {isa = PBXFileReference; lastKnownFileType = sourcecode.swift; path = DoubleYAxisTest.swift; sourceTree = "<group>"; };
		40F99EBA2B020773006F807E /* SwiftChartsExample.app */ = {isa = PBXFileReference; explicitFileType = wrapper.application; includeInIndex = 0; path = SwiftChartsExample.app; sourceTree = BUILT_PRODUCTS_DIR; };
		40F99EBD2B020773006F807E /* SwiftChartsExampleApp.swift */ = {isa = PBXFileReference; lastKnownFileType = sourcecode.swift; path = SwiftChartsExampleApp.swift; sourceTree = "<group>"; };
		40F99EBF2B020773006F807E /* ContentView.swift */ = {isa = PBXFileReference; lastKnownFileType = sourcecode.swift; path = ContentView.swift; sourceTree = "<group>"; };
		40F99EC12B020775006F807E /* Assets.xcassets */ = {isa = PBXFileReference; lastKnownFileType = folder.assetcatalog; path = Assets.xcassets; sourceTree = "<group>"; };
		40F99EC42B020775006F807E /* Preview Assets.xcassets */ = {isa = PBXFileReference; lastKnownFileType = folder.assetcatalog; path = "Preview Assets.xcassets"; sourceTree = "<group>"; };
		40F99ECB2B021D84006F807E /* TwoAxisExample.swift */ = {isa = PBXFileReference; lastKnownFileType = sourcecode.swift; path = TwoAxisExample.swift; sourceTree = "<group>"; };
		40F99ECD2B02FB64006F807E /* HorizontalBarChart.swift */ = {isa = PBXFileReference; lastKnownFileType = sourcecode.swift; path = HorizontalBarChart.swift; sourceTree = "<group>"; };
		40F99ECF2B03630C006F807E /* YAxisTest.swift */ = {isa = PBXFileReference; lastKnownFileType = sourcecode.swift; path = YAxisTest.swift; sourceTree = "<group>"; };
/* End PBXFileReference section */

/* Begin PBXFrameworksBuildPhase section */
		40F99EB72B020773006F807E /* Frameworks */ = {
			isa = PBXFrameworksBuildPhase;
			buildActionMask = 2147483647;
			files = (
			);
			runOnlyForDeploymentPostprocessing = 0;
		};
/* End PBXFrameworksBuildPhase section */

/* Begin PBXGroup section */
		40F99EB12B020773006F807E = {
			isa = PBXGroup;
			children = (
				40F99EBC2B020773006F807E /* SwiftChartsExample */,
				40F99EBB2B020773006F807E /* Products */,
			);
			sourceTree = "<group>";
		};
		40F99EBB2B020773006F807E /* Products */ = {
			isa = PBXGroup;
			children = (
				40F99EBA2B020773006F807E /* SwiftChartsExample.app */,
			);
			name = Products;
			sourceTree = "<group>";
		};
		40F99EBC2B020773006F807E /* SwiftChartsExample */ = {
			isa = PBXGroup;
			children = (
				40F99EBD2B020773006F807E /* SwiftChartsExampleApp.swift */,
				40F99EBF2B020773006F807E /* ContentView.swift */,
				40F99EC12B020775006F807E /* Assets.xcassets */,
				40F99EC32B020775006F807E /* Preview Content */,
				40F99ECB2B021D84006F807E /* TwoAxisExample.swift */,
				40F99ECD2B02FB64006F807E /* HorizontalBarChart.swift */,
				40F99ECF2B03630C006F807E /* YAxisTest.swift */,
				4041962F2B072D3E00679E49 /* DoubleYAxisTest.swift */,
			);
			path = SwiftChartsExample;
			sourceTree = "<group>";
		};
		40F99EC32B020775006F807E /* Preview Content */ = {
			isa = PBXGroup;
			children = (
				40F99EC42B020775006F807E /* Preview Assets.xcassets */,
			);
			path = "Preview Content";
			sourceTree = "<group>";
		};
/* End PBXGroup section */

/* Begin PBXNativeTarget section */
		40F99EB92B020773006F807E /* SwiftChartsExample */ = {
			isa = PBXNativeTarget;
			buildConfigurationList = 40F99EC82B020775006F807E /* Build configuration list for PBXNativeTarget "SwiftChartsExample" */;
			buildPhases = (
				40F99EB62B020773006F807E /* Sources */,
				40F99EB72B020773006F807E /* Frameworks */,
				40F99EB82B020773006F807E /* Resources */,
			);
			buildRules = (
			);
			dependencies = (
			);
			name = SwiftChartsExample;
			productName = SwiftChartsExample;
			productReference = 40F99EBA2B020773006F807E /* SwiftChartsExample.app */;
			productType = "com.apple.product-type.application";
		};
/* End PBXNativeTarget section */

/* Begin PBXProject section */
		40F99EB22B020773006F807E /* Project object */ = {
			isa = PBXProject;
			attributes = {
				BuildIndependentTargetsInParallel = 1;
				LastSwiftUpdateCheck = 1500;
				LastUpgradeCheck = 1500;
				TargetAttributes = {
					40F99EB92B020773006F807E = {
						CreatedOnToolsVersion = 15.0.1;
					};
				};
			};
			buildConfigurationList = 40F99EB52B020773006F807E /* Build configuration list for PBXProject "SwiftChartsExample" */;
			compatibilityVersion = "Xcode 14.0";
			developmentRegion = en;
			hasScannedForEncodings = 0;
			knownRegions = (
				en,
				Base,
			);
			mainGroup = 40F99EB12B020773006F807E;
			productRefGroup = 40F99EBB2B020773006F807E /* Products */;
			projectDirPath = "";
			projectRoot = "";
			targets = (
				40F99EB92B020773006F807E /* SwiftChartsExample */,
			);
		};
/* End PBXProject section */

/* Begin PBXResourcesBuildPhase section */
		40F99EB82B020773006F807E /* Resources */ = {
			isa = PBXResourcesBuildPhase;
			buildActionMask = 2147483647;
			files = (
				40F99EC52B020775006F807E /* Preview Assets.xcassets in Resources */,
				40F99EC22B020775006F807E /* Assets.xcassets in Resources */,
			);
			runOnlyForDeploymentPostprocessing = 0;
		};
/* End PBXResourcesBuildPhase section */

/* Begin PBXSourcesBuildPhase section */
		40F99EB62B020773006F807E /* Sources */ = {
			isa = PBXSourcesBuildPhase;
			buildActionMask = 2147483647;
			files = (
				40F99ECE2B02FB64006F807E /* HorizontalBarChart.swift in Sources */,
				40F99EC02B020773006F807E /* ContentView.swift in Sources */,
				40F99ECC2B021D84006F807E /* TwoAxisExample.swift in Sources */,
				40F99ED02B03630C006F807E /* YAxisTest.swift in Sources */,
				40F99EBE2B020773006F807E /* SwiftChartsExampleApp.swift in Sources */,
				404196302B072D3E00679E49 /* DoubleYAxisTest.swift in Sources */,
			);
			runOnlyForDeploymentPostprocessing = 0;
		};
/* End PBXSourcesBuildPhase section */

/* Begin XCBuildConfiguration section */
		40F99EC62B020775006F807E /* Debug */ = {
			isa = XCBuildConfiguration;
			buildSettings = {
				ALWAYS_SEARCH_USER_PATHS = NO;
				ASSETCATALOG_COMPILER_GENERATE_SWIFT_ASSET_SYMBOL_EXTENSIONS = YES;
				CLANG_ANALYZER_NONNULL = YES;
				CLANG_ANALYZER_NUMBER_OBJECT_CONVERSION = YES_AGGRESSIVE;
				CLANG_CXX_LANGUAGE_STANDARD = "gnu++20";
				CLANG_ENABLE_MODULES = YES;
				CLANG_ENABLE_OBJC_ARC = YES;
				CLANG_ENABLE_OBJC_WEAK = YES;
				CLANG_WARN_BLOCK_CAPTURE_AUTORELEASING = YES;
				CLANG_WARN_BOOL_CONVERSION = YES;
				CLANG_WARN_COMMA = YES;
				CLANG_WARN_CONSTANT_CONVERSION = YES;
				CLANG_WARN_DEPRECATED_OBJC_IMPLEMENTATIONS = YES;
				CLANG_WARN_DIRECT_OBJC_ISA_USAGE = YES_ERROR;
				CLANG_WARN_DOCUMENTATION_COMMENTS = YES;
				CLANG_WARN_EMPTY_BODY = YES;
				CLANG_WARN_ENUM_CONVERSION = YES;
				CLANG_WARN_INFINITE_RECURSION = YES;
				CLANG_WARN_INT_CONVERSION = YES;
				CLANG_WARN_NON_LITERAL_NULL_CONVERSION = YES;
				CLANG_WARN_OBJC_IMPLICIT_RETAIN_SELF = YES;
				CLANG_WARN_OBJC_LITERAL_CONVERSION = YES;
				CLANG_WARN_OBJC_ROOT_CLASS = YES_ERROR;
				CLANG_WARN_QUOTED_INCLUDE_IN_FRAMEWORK_HEADER = YES;
				CLANG_WARN_RANGE_LOOP_ANALYSIS = YES;
				CLANG_WARN_STRICT_PROTOTYPES = YES;
				CLANG_WARN_SUSPICIOUS_MOVE = YES;
				CLANG_WARN_UNGUARDED_AVAILABILITY = YES_AGGRESSIVE;
				CLANG_WARN_UNREACHABLE_CODE = YES;
				CLANG_WARN__DUPLICATE_METHOD_MATCH = YES;
				COPY_PHASE_STRIP = NO;
				DEBUG_INFORMATION_FORMAT = dwarf;
				ENABLE_STRICT_OBJC_MSGSEND = YES;
				ENABLE_TESTABILITY = YES;
				ENABLE_USER_SCRIPT_SANDBOXING = YES;
				GCC_C_LANGUAGE_STANDARD = gnu17;
				GCC_DYNAMIC_NO_PIC = NO;
				GCC_NO_COMMON_BLOCKS = YES;
				GCC_OPTIMIZATION_LEVEL = 0;
				GCC_PREPROCESSOR_DEFINITIONS = (
					"DEBUG=1",
					"$(inherited)",
				);
				GCC_WARN_64_TO_32_BIT_CONVERSION = YES;
				GCC_WARN_ABOUT_RETURN_TYPE = YES_ERROR;
				GCC_WARN_UNDECLARED_SELECTOR = YES;
				GCC_WARN_UNINITIALIZED_AUTOS = YES_AGGRESSIVE;
				GCC_WARN_UNUSED_FUNCTION = YES;
				GCC_WARN_UNUSED_VARIABLE = YES;
				IPHONEOS_DEPLOYMENT_TARGET = 17.0;
				LOCALIZATION_PREFERS_STRING_CATALOGS = YES;
				MTL_ENABLE_DEBUG_INFO = INCLUDE_SOURCE;
				MTL_FAST_MATH = YES;
				ONLY_ACTIVE_ARCH = YES;
				SDKROOT = iphoneos;
				SWIFT_ACTIVE_COMPILATION_CONDITIONS = "DEBUG $(inherited)";
				SWIFT_OPTIMIZATION_LEVEL = "-Onone";
			};
			name = Debug;
		};
		40F99EC72B020775006F807E /* Release */ = {
			isa = XCBuildConfiguration;
			buildSettings = {
				ALWAYS_SEARCH_USER_PATHS = NO;
				ASSETCATALOG_COMPILER_GENERATE_SWIFT_ASSET_SYMBOL_EXTENSIONS = YES;
				CLANG_ANALYZER_NONNULL = YES;
				CLANG_ANALYZER_NUMBER_OBJECT_CONVERSION = YES_AGGRESSIVE;
				CLANG_CXX_LANGUAGE_STANDARD = "gnu++20";
				CLANG_ENABLE_MODULES = YES;
				CLANG_ENABLE_OBJC_ARC = YES;
				CLANG_ENABLE_OBJC_WEAK = YES;
				CLANG_WARN_BLOCK_CAPTURE_AUTORELEASING = YES;
				CLANG_WARN_BOOL_CONVERSION = YES;
				CLANG_WARN_COMMA = YES;
				CLANG_WARN_CONSTANT_CONVERSION = YES;
				CLANG_WARN_DEPRECATED_OBJC_IMPLEMENTATIONS = YES;
				CLANG_WARN_DIRECT_OBJC_ISA_USAGE = YES_ERROR;
				CLANG_WARN_DOCUMENTATION_COMMENTS = YES;
				CLANG_WARN_EMPTY_BODY = YES;
				CLANG_WARN_ENUM_CONVERSION = YES;
				CLANG_WARN_INFINITE_RECURSION = YES;
				CLANG_WARN_INT_CONVERSION = YES;
				CLANG_WARN_NON_LITERAL_NULL_CONVERSION = YES;
				CLANG_WARN_OBJC_IMPLICIT_RETAIN_SELF = YES;
				CLANG_WARN_OBJC_LITERAL_CONVERSION = YES;
				CLANG_WARN_OBJC_ROOT_CLASS = YES_ERROR;
				CLANG_WARN_QUOTED_INCLUDE_IN_FRAMEWORK_HEADER = YES;
				CLANG_WARN_RANGE_LOOP_ANALYSIS = YES;
				CLANG_WARN_STRICT_PROTOTYPES = YES;
				CLANG_WARN_SUSPICIOUS_MOVE = YES;
				CLANG_WARN_UNGUARDED_AVAILABILITY = YES_AGGRESSIVE;
				CLANG_WARN_UNREACHABLE_CODE = YES;
				CLANG_WARN__DUPLICATE_METHOD_MATCH = YES;
				COPY_PHASE_STRIP = NO;
				DEBUG_INFORMATION_FORMAT = "dwarf-with-dsym";
				ENABLE_NS_ASSERTIONS = NO;
				ENABLE_STRICT_OBJC_MSGSEND = YES;
				ENABLE_USER_SCRIPT_SANDBOXING = YES;
				GCC_C_LANGUAGE_STANDARD = gnu17;
				GCC_NO_COMMON_BLOCKS = YES;
				GCC_WARN_64_TO_32_BIT_CONVERSION = YES;
				GCC_WARN_ABOUT_RETURN_TYPE = YES_ERROR;
				GCC_WARN_UNDECLARED_SELECTOR = YES;
				GCC_WARN_UNINITIALIZED_AUTOS = YES_AGGRESSIVE;
				GCC_WARN_UNUSED_FUNCTION = YES;
				GCC_WARN_UNUSED_VARIABLE = YES;
				IPHONEOS_DEPLOYMENT_TARGET = 17.0;
				LOCALIZATION_PREFERS_STRING_CATALOGS = YES;
				MTL_ENABLE_DEBUG_INFO = NO;
				MTL_FAST_MATH = YES;
				SDKROOT = iphoneos;
				SWIFT_COMPILATION_MODE = wholemodule;
				VALIDATE_PRODUCT = YES;
			};
			name = Release;
		};
		40F99EC92B020775006F807E /* Debug */ = {
			isa = XCBuildConfiguration;
			buildSettings = {
				ASSETCATALOG_COMPILER_APPICON_NAME = AppIcon;
				ASSETCATALOG_COMPILER_GLOBAL_ACCENT_COLOR_NAME = AccentColor;
				CODE_SIGN_STYLE = Automatic;
				CURRENT_PROJECT_VERSION = 1;
				DEVELOPMENT_ASSET_PATHS = "\"SwiftChartsExample/Preview Content\"";
				DEVELOPMENT_TEAM = AM3NFXPYAW;
				ENABLE_PREVIEWS = YES;
				GENERATE_INFOPLIST_FILE = YES;
				INFOPLIST_KEY_UIApplicationSceneManifest_Generation = YES;
				INFOPLIST_KEY_UIApplicationSupportsIndirectInputEvents = YES;
				INFOPLIST_KEY_UILaunchScreen_Generation = YES;
				INFOPLIST_KEY_UISupportedInterfaceOrientations_iPad = "UIInterfaceOrientationPortrait UIInterfaceOrientationPortraitUpsideDown UIInterfaceOrientationLandscapeLeft UIInterfaceOrientationLandscapeRight";
				INFOPLIST_KEY_UISupportedInterfaceOrientations_iPhone = "UIInterfaceOrientationPortrait UIInterfaceOrientationLandscapeLeft UIInterfaceOrientationLandscapeRight";
				LD_RUNPATH_SEARCH_PATHS = (
					"$(inherited)",
					"@executable_path/Frameworks",
				);
				MARKETING_VERSION = 1.0;
				PRODUCT_BUNDLE_IDENTIFIER = jp.keita.yamamoto.SwiftChartsExample;
				PRODUCT_NAME = "$(TARGET_NAME)";
				SWIFT_EMIT_LOC_STRINGS = YES;
				SWIFT_VERSION = 5.0;
				TARGETED_DEVICE_FAMILY = "1,2";
			};
			name = Debug;
		};
		40F99ECA2B020775006F807E /* Release */ = {
			isa = XCBuildConfiguration;
			buildSettings = {
				ASSETCATALOG_COMPILER_APPICON_NAME = AppIcon;
				ASSETCATALOG_COMPILER_GLOBAL_ACCENT_COLOR_NAME = AccentColor;
				CODE_SIGN_STYLE = Automatic;
				CURRENT_PROJECT_VERSION = 1;
				DEVELOPMENT_ASSET_PATHS = "\"SwiftChartsExample/Preview Content\"";
				DEVELOPMENT_TEAM = AM3NFXPYAW;
				ENABLE_PREVIEWS = YES;
				GENERATE_INFOPLIST_FILE = YES;
				INFOPLIST_KEY_UIApplicationSceneManifest_Generation = YES;
				INFOPLIST_KEY_UIApplicationSupportsIndirectInputEvents = YES;
				INFOPLIST_KEY_UILaunchScreen_Generation = YES;
				INFOPLIST_KEY_UISupportedInterfaceOrientations_iPad = "UIInterfaceOrientationPortrait UIInterfaceOrientationPortraitUpsideDown UIInterfaceOrientationLandscapeLeft UIInterfaceOrientationLandscapeRight";
				INFOPLIST_KEY_UISupportedInterfaceOrientations_iPhone = "UIInterfaceOrientationPortrait UIInterfaceOrientationLandscapeLeft UIInterfaceOrientationLandscapeRight";
				LD_RUNPATH_SEARCH_PATHS = (
					"$(inherited)",
					"@executable_path/Frameworks",
				);
				MARKETING_VERSION = 1.0;
				PRODUCT_BUNDLE_IDENTIFIER = jp.keita.yamamoto.SwiftChartsExample;
				PRODUCT_NAME = "$(TARGET_NAME)";
				SWIFT_EMIT_LOC_STRINGS = YES;
				SWIFT_VERSION = 5.0;
				TARGETED_DEVICE_FAMILY = "1,2";
			};
			name = Release;
		};
/* End XCBuildConfiguration section */

/* Begin XCConfigurationList section */
		40F99EB52B020773006F807E /* Build configuration list for PBXProject "SwiftChartsExample" */ = {
			isa = XCConfigurationList;
			buildConfigurations = (
				40F99EC62B020775006F807E /* Debug */,
				40F99EC72B020775006F807E /* Release */,
			);
			defaultConfigurationIsVisible = 0;
			defaultConfigurationName = Release;
		};
		40F99EC82B020775006F807E /* Build configuration list for PBXNativeTarget "SwiftChartsExample" */ = {
			isa = XCConfigurationList;
			buildConfigurations = (
				40F99EC92B020775006F807E /* Debug */,
				40F99ECA2B020775006F807E /* Release */,
			);
			defaultConfigurationIsVisible = 0;
			defaultConfigurationName = Release;
		};
/* End XCConfigurationList section */
	};
	rootObject = 40F99EB22B020773006F807E /* Project object */;
}
